{
  "name": "05",
  "version": "1.0.0",
  "lockfileVersion": 3,
  "requires": true,
  "packages": {
    "": {
      "name": "05",
      "version": "1.0.0",
      "license": "ISC",
      "dependencies": {
        "dayjs": "^1.11.13",
        "g": "^2.0.1"
      }
    },
    "node_modules/dayjs": {
      "version": "1.11.13",
      "resolved": "https://registry.npmmirror.com/dayjs/-/dayjs-1.11.13.tgz",
      "integrity": "sha512-oaMBel6gjolK862uaPQOVTA7q3TZhuSvuMQAAglQDOWYO9A91IrAOUJEyKVlqJlHE0vq5p5UXxzdPfMH/x6xNg==",
      "license": "MIT"
    },
    "node_modules/g": {
      "version": "2.0.1",
      "resolved": "https://registry.npmmirror.com/g/-/g-2.0.1.tgz",
      "integrity": "sha512-Fi6Ng5fZ/ANLQ15H11hCe+09sgUoNvDEBevVgx3KoYOhsH5iLNPn54hx0jPZ+3oSWr+xajnp2Qau9VmPsc7hTA==",
      "license": "MIT"
    }
  }
}
